// !$*UTF8*$!
{
	archiveVersion = 1;
	classes = {
	};
	objectVersion = 46;
	objects = {

/* Begin PBXBuildFile section */
		5F3BCC9F1EB951090001FB26 /* main.m in Sources */ = {isa = PBXBuildFile; fileRef = 5F3BCC9E1EB951090001FB26 /* main.m */; };
		5F3BCCA21EB951090001FB26 /* AppDelegate.m in Sources */ = {isa = PBXBuildFile; fileRef = 5F3BCCA11EB951090001FB26 /* AppDelegate.m */; };
		5F3BCCA51EB951090001FB26 /* ViewController.m in Sources */ = {isa = PBXBuildFile; fileRef = 5F3BCCA41EB951090001FB26 /* ViewController.m */; };
		5F3BCCA81EB951090001FB26 /* Main.storyboard in Resources */ = {isa = PBXBuildFile; fileRef = 5F3BCCA61EB951090001FB26 /* Main.storyboard */; };
		5F3BCCAA1EB951090001FB26 /* Assets.xcassets in Resources */ = {isa = PBXBuildFile; fileRef = 5F3BCCA91EB951090001FB26 /* Assets.xcassets */; };
		5F3BCCAD1EB951090001FB26 /* LaunchScreen.storyboard in Resources */ = {isa = PBXBuildFile; fileRef = 5F3BCCAB1EB951090001FB26 /* LaunchScreen.storyboard */; };
		5F3BCCB61EB9512A0001FB26 /* PAVRoundGaugeView.m in Sources */ = {isa = PBXBuildFile; fileRef = 5F3BCCB51EB9512A0001FB26 /* PAVRoundGaugeView.m */; };
		5F3BCCBA1EB95CE10001FB26 /* GaugeBackground.png in Resources */ = {isa = PBXBuildFile; fileRef = 5F3BCCB81EB95CE10001FB26 /* GaugeBackground.png */; };
		5F3BCCBB1EB95CE10001FB26 /* GaugePointer.png in Resources */ = {isa = PBXBuildFile; fileRef = 5F3BCCB91EB95CE10001FB26 /* GaugePointer.png */; };
/* End PBXBuildFile section */

/* Begin PBXFileReference section */
		5F3BCC9A1EB951090001FB26 /* PAVRoundGauge.app */ = {isa = PBXFileReference; explicitFileType = wrapper.application; includeInIndex = 0; path = PAVRoundGauge.app; sourceTree = BUILT_PRODUCTS_DIR; };
		5F3BCC9E1EB951090001FB26 /* main.m */ = {isa = PBXFileReference; lastKnownFileType = sourcecode.c.objc; lineEnding = 0; path = main.m; sourceTree = "<group>"; xcLanguageSpecificationIdentifier = xcode.lang.objc; };
		5F3BCCA01EB951090001FB26 /* AppDelegate.h */ = {isa = PBXFileReference; lastKnownFileType = sourcecode.c.h; lineEnding = 0; path = AppDelegate.h; sourceTree = "<group>"; xcLanguageSpecificationIdentifier = xcode.lang.objcpp; };
		5F3BCCA11EB951090001FB26 /* AppDelegate.m */ = {isa = PBXFileReference; lastKnownFileType = sourcecode.c.objc; lineEnding = 0; path = AppDelegate.m; sourceTree = "<group>"; xcLanguageSpecificationIdentifier = xcode.lang.objc; };
		5F3BCCA31EB951090001FB26 /* ViewController.h */ = {isa = PBXFileReference; lastKnownFileType = sourcecode.c.h; path = ViewController.h; sourceTree = "<group>"; };
		5F3BCCA41EB951090001FB26 /* ViewController.m */ = {isa = PBXFileReference; lastKnownFileType = sourcecode.c.objc; path = ViewController.m; sourceTree = "<group>"; };
		5F3BCCA71EB951090001FB26 /* Base */ = {isa = PBXFileReference; lastKnownFileType = file.storyboard; name = Base; path = Base.lproj/Main.storyboard; sourceTree = "<group>"; };
		5F3BCCA91EB951090001FB26 /* Assets.xcassets */ = {isa = PBXFileReference; lastKnownFileType = folder.assetcatalog; path = Assets.xcassets; sourceTree = "<group>"; };
		5F3BCCAC1EB951090001FB26 /* Base */ = {isa = PBXFileReference; lastKnownFileType = file.storyboard; name = Base; path = Base.lproj/LaunchScreen.storyboard; sourceTree = "<group>"; };
		5F3BCCAE1EB951090001FB26 /* Info.plist */ = {isa = PBXFileReference; lastKnownFileType = text.plist.xml; path = Info.plist; sourceTree = "<group>"; };
		5F3BCCB41EB9512A0001FB26 /* PAVRoundGaugeView.h */ = {isa = PBXFileReference; fileEncoding = 4; lastKnownFileType = sourcecode.c.h; lineEnding = 0; path = PAVRoundGaugeView.h; sourceTree = "<group>"; };
		5F3BCCB51EB9512A0001FB26 /* PAVRoundGaugeView.m */ = {isa = PBXFileReference; fileEncoding = 4; lastKnownFileType = sourcecode.c.objc; lineEnding = 0; path = PAVRoundGaugeView.m; sourceTree = "<group>"; };
		5F3BCCB81EB95CE10001FB26 /* GaugeBackground.png */ = {isa = PBXFileReference; lastKnownFileType = image.png; name = GaugeBackground.png; path = Graphics/GaugeBackground.png; sourceTree = "<group>"; };
		5F3BCCB91EB95CE10001FB26 /* GaugePointer.png */ = {isa = PBXFileReference; lastKnownFileType = image.png; name = GaugePointer.png; path = Graphics/GaugePointer.png; sourceTree = "<group>"; };
/* End PBXFileReference section */

/* Begin PBXFrameworksBuildPhase section */
		5F3BCC971EB951090001FB26 /* Frameworks */ = {
			isa = PBXFrameworksBuildPhase;
			buildActionMask = 2147483647;
			files = (
			);
			runOnlyForDeploymentPostprocessing = 0;
		};
/* End PBXFrameworksBuildPhase section */

/* Begin PBXGroup section */
		5F3BCC911EB951090001FB26 = {
			isa = PBXGroup;
			children = (
				5F3BCC9C1EB951090001FB26 /* PAVRoundGauge */,
				5F3BCC9B1EB951090001FB26 /* Products */,
			);
			sourceTree = "<group>";
		};
		5F3BCC9B1EB951090001FB26 /* Products */ = {
			isa = PBXGroup;
			children = (
				5F3BCC9A1EB951090001FB26 /* PAVRoundGauge.app */,
			);
			name = Products;
			sourceTree = "<group>";
		};
		5F3BCC9C1EB951090001FB26 /* PAVRoundGauge */ = {
			isa = PBXGroup;
			children = (
				5F3BCCB41EB9512A0001FB26 /* PAVRoundGaugeView.h */,
				5F3BCCB51EB9512A0001FB26 /* PAVRoundGaugeView.m */,
				5F3BCCA01EB951090001FB26 /* AppDelegate.h */,
				5F3BCCA11EB951090001FB26 /* AppDelegate.m */,
				5F3BCCA31EB951090001FB26 /* ViewController.h */,
				5F3BCCA41EB951090001FB26 /* ViewController.m */,
				5F3BCCA61EB951090001FB26 /* Main.storyboard */,
				5F3BCCA91EB951090001FB26 /* Assets.xcassets */,
				5F3BCCAB1EB951090001FB26 /* LaunchScreen.storyboard */,
				5F3BCCAE1EB951090001FB26 /* Info.plist */,
				5F3BCCB71EB95CCC0001FB26 /* Graphics */,
				5F3BCC9D1EB951090001FB26 /* Supporting Files */,
			);
			path = PAVRoundGauge;
			sourceTree = "<group>";
		};
		5F3BCC9D1EB951090001FB26 /* Supporting Files */ = {
			isa = PBXGroup;
			children = (
				5F3BCC9E1EB951090001FB26 /* main.m */,
			);
			name = "Supporting Files";
			sourceTree = "<group>";
		};
		5F3BCCB71EB95CCC0001FB26 /* Graphics */ = {
			isa = PBXGroup;
			children = (
				5F3BCCB81EB95CE10001FB26 /* GaugeBackground.png */,
				5F3BCCB91EB95CE10001FB26 /* GaugePointer.png */,
			);
			name = Graphics;
			sourceTree = "<group>";
		};
/* End PBXGroup section */

/* Begin PBXNativeTarget section */
		5F3BCC991EB951090001FB26 /* PAVRoundGauge */ = {
			isa = PBXNativeTarget;
			buildConfigurationList = 5F3BCCB11EB951090001FB26 /* Build configuration list for PBXNativeTarget "PAVRoundGauge" */;
			buildPhases = (
				5F3BCC961EB951090001FB26 /* Sources */,
				5F3BCC971EB951090001FB26 /* Frameworks */,
				5F3BCC981EB951090001FB26 /* Resources */,
			);
			buildRules = (
			);
			dependencies = (
			);
			name = PAVRoundGauge;
			productName = PAVRoundGuage;
			productReference = 5F3BCC9A1EB951090001FB26 /* PAVRoundGauge.app */;
			productType = "com.apple.product-type.application";
		};
/* End PBXNativeTarget section */

/* Begin PBXProject section */
		5F3BCC921EB951090001FB26 /* Project object */ = {
			isa = PBXProject;
			attributes = {
				LastUpgradeCheck = 0830;
				ORGANIZATIONNAME = Paveglio.com;
				TargetAttributes = {
					5F3BCC991EB951090001FB26 = {
						CreatedOnToolsVersion = 8.3.2;
						DevelopmentTeam = 9J2YYDSNEB;
						ProvisioningStyle = Automatic;
					};
				};
			};
			buildConfigurationList = 5F3BCC951EB951090001FB26 /* Build configuration list for PBXProject "PAVRoundGauge" */;
			compatibilityVersion = "Xcode 3.2";
			developmentRegion = English;
			hasScannedForEncodings = 0;
			knownRegions = (
				en,
				Base,
			);
			mainGroup = 5F3BCC911EB951090001FB26;
			productRefGroup = 5F3BCC9B1EB951090001FB26 /* Products */;
			projectDirPath = "";
			projectRoot = "";
			targets = (
				5F3BCC991EB951090001FB26 /* PAVRoundGauge */,
			);
		};
/* End PBXProject section */

/* Begin PBXResourcesBuildPhase section */
		5F3BCC981EB951090001FB26 /* Resources */ = {
			isa = PBXResourcesBuildPhase;
			buildActionMask = 2147483647;
			files = (
				5F3BCCAD1EB951090001FB26 /* LaunchScreen.storyboard in Resources */,
				5F3BCCAA1EB951090001FB26 /* Assets.xcassets in Resources */,
				5F3BCCBB1EB95CE10001FB26 /* GaugePointer.png in Resources */,
				5F3BCCA81EB951090001FB26 /* Main.storyboard in Resources */,
				5F3BCCBA1EB95CE10001FB26 /* GaugeBackground.png in Resources */,
			);
			runOnlyForDeploymentPostprocessing = 0;
		};
/* End PBXResourcesBuildPhase section */

/* Begin PBXSourcesBuildPhase section */
		5F3BCC961EB951090001FB26 /* Sources */ = {
			isa = PBXSourcesBuildPhase;
			buildActionMask = 2147483647;
			files = (
				5F3BCCA51EB951090001FB26 /* ViewController.m in Sources */,
				5F3BCCB61EB9512A0001FB26 /* PAVRoundGaugeView.m in Sources */,
				5F3BCCA21EB951090001FB26 /* AppDelegate.m in Sources */,
				5F3BCC9F1EB951090001FB26 /* main.m in Sources */,
			);
			runOnlyForDeploymentPostprocessing = 0;
		};
/* End PBXSourcesBuildPhase section */

/* Begin PBXVariantGroup section */
		5F3BCCA61EB951090001FB26 /* Main.storyboard */ = {
			isa = PBXVariantGroup;
			children = (
				5F3BCCA71EB951090001FB26 /* Base */,
			);
			name = Main.storyboard;
			sourceTree = "<group>";
		};
		5F3BCCAB1EB951090001FB26 /* LaunchScreen.storyboard */ = {
			isa = PBXVariantGroup;
			children = (
				5F3BCCAC1EB951090001FB26 /* Base */,
			);
			name = LaunchScreen.storyboard;
			sourceTree = "<group>";
		};
/* End PBXVariantGroup section */

/* Begin XCBuildConfiguration section */
		5F3BCCAF1EB951090001FB26 /* Debug */ = {
			isa = XCBuildConfiguration;
			buildSettings = {
				ALWAYS_SEARCH_USER_PATHS = NO;
				CLANG_ANALYZER_NONNULL = YES;
				CLANG_ANALYZER_NUMBER_OBJECT_CONVERSION = YES_AGGRESSIVE;
				CLANG_CXX_LANGUAGE_STANDARD = "gnu++0x";
				CLANG_CXX_LIBRARY = "libc++";
				CLANG_ENABLE_MODULES = YES;
				CLANG_ENABLE_OBJC_ARC = YES;
				CLANG_WARN_BOOL_CONVERSION = YES;
				CLANG_WARN_CONSTANT_CONVERSION = YES;
				CLANG_WARN_DIRECT_OBJC_ISA_USAGE = YES_ERROR;
				CLANG_WARN_DOCUMENTATION_COMMENTS = YES;
				CLANG_WARN_EMPTY_BODY = YES;
				CLANG_WARN_ENUM_CONVERSION = YES;
				CLANG_WARN_INFINITE_RECURSION = YES;
				CLANG_WARN_INT_CONVERSION = YES;
				CLANG_WARN_OBJC_ROOT_CLASS = YES_ERROR;
				CLANG_WARN_SUSPICIOUS_MOVE = YES;
				CLANG_WARN_UNREACHABLE_CODE = YES;
				CLANG_WARN__DUPLICATE_METHOD_MATCH = YES;
				"CODE_SIGN_IDENTITY[sdk=iphoneos*]" = "iPhone Developer";
				COPY_PHASE_STRIP = NO;
				DEBUG_INFORMATION_FORMAT = dwarf;
				ENABLE_STRICT_OBJC_MSGSEND = YES;
				ENABLE_TESTABILITY = YES;
				GCC_C_LANGUAGE_STANDARD = gnu99;
				GCC_DYNAMIC_NO_PIC = NO;
				GCC_NO_COMMON_BLOCKS = YES;
				GCC_OPTIMIZATION_LEVEL = 0;
				GCC_PREPROCESSOR_DEFINITIONS = (
					"DEBUG=1",
					"$(inherited)",
				);
				GCC_WARN_64_TO_32_BIT_CONVERSION = YES;
				GCC_WARN_ABOUT_RETURN_TYPE = YES_ERROR;
				GCC_WARN_UNDECLARED_SELECTOR = YES;
				GCC_WARN_UNINITIALIZED_AUTOS = YES_AGGRESSIVE;
				GCC_WARN_UNUSED_FUNCTION = YES;
				GCC_WARN_UNUSED_VARIABLE = YES;
				IPHONEOS_DEPLOYMENT_TARGET = 9.0;
				MTL_ENABLE_DEBUG_INFO = YES;
				ONLY_ACTIVE_ARCH = YES;
				SDKROOT = iphoneos;
				TARGETED_DEVICE_FAMILY = "1,2";
			};
			name = Debug;
		};
		5F3BCCB01EB951090001FB26 /* Release */ = {
			isa = XCBuildConfiguration;
			buildSettings = {
				ALWAYS_SEARCH_USER_PATHS = NO;
				CLANG_ANALYZER_NONNULL = YES;
				CLANG_ANALYZER_NUMBER_OBJECT_CONVERSION = YES_AGGRESSIVE;
				CLANG_CXX_LANGUAGE_STANDARD = "gnu++0x";
				CLANG_CXX_LIBRARY = "libc++";
				CLANG_ENABLE_MODULES = YES;
				CLANG_ENABLE_OBJC_ARC = YES;
				CLANG_WARN_BOOL_CONVERSION = YES;
				CLANG_WARN_CONSTANT_CONVERSION = YES;
				CLANG_WARN_DIRECT_OBJC_ISA_USAGE = YES_ERROR;
				CLANG_WARN_DOCUMENTATION_COMMENTS = YES;
				CLANG_WARN_EMPTY_BODY = YES;
				CLANG_WARN_ENUM_CONVERSION = YES;
				CLANG_WARN_INFINITE_RECURSION = YES;
				CLANG_WARN_INT_CONVERSION = YES;
				CLANG_WARN_OBJC_ROOT_CLASS = YES_ERROR;
				CLANG_WARN_SUSPICIOUS_MOVE = YES;
				CLANG_WARN_UNREACHABLE_CODE = YES;
				CLANG_WARN__DUPLICATE_METHOD_MATCH = YES;
				"CODE_SIGN_IDENTITY[sdk=iphoneos*]" = "iPhone Developer";
				COPY_PHASE_STRIP = NO;
				DEBUG_INFORMATION_FORMAT = "dwarf-with-dsym";
				ENABLE_NS_ASSERTIONS = NO;
				ENABLE_STRICT_OBJC_MSGSEND = YES;
				GCC_C_LANGUAGE_STANDARD = gnu99;
				GCC_NO_COMMON_BLOCKS = YES;
				GCC_WARN_64_TO_32_BIT_CONVERSION = YES;
				GCC_WARN_ABOUT_RETURN_TYPE = YES_ERROR;
				GCC_WARN_UNDECLARED_SELECTOR = YES;
				GCC_WARN_UNINITIALIZED_AUTOS = YES_AGGRESSIVE;
				GCC_WARN_UNUSED_FUNCTION = YES;
				GCC_WARN_UNUSED_VARIABLE = YES;
				IPHONEOS_DEPLOYMENT_TARGET = 9.0;
				MTL_ENABLE_DEBUG_INFO = NO;
				SDKROOT = iphoneos;
				TARGETED_DEVICE_FAMILY = "1,2";
				VALIDATE_PRODUCT = YES;
			};
			name = Release;
		};
		5F3BCCB21EB951090001FB26 /* Debug */ = {
			isa = XCBuildConfiguration;
			buildSettings = {
				ASSETCATALOG_COMPILER_APPICON_NAME = AppIcon;
				DEVELOPMENT_TEAM = 9J2YYDSNEB;
				INFOPLIST_FILE = PAVRoundGauge/Info.plist;
				LD_RUNPATH_SEARCH_PATHS = "$(inherited) @executable_path/Frameworks";
				PRODUCT_BUNDLE_IDENTIFIER = com.accuweather.PAVRoundGauge;
				PRODUCT_NAME = "$(TARGET_NAME)";
			};
			name = Debug;
		};
		5F3BCCB31EB951090001FB26 /* Release */ = {
			isa = XCBuildConfiguration;
			buildSettings = {
				ASSETCATALOG_COMPILER_APPICON_NAME = AppIcon;
				DEVELOPMENT_TEAM = 9J2YYDSNEB;
				INFOPLIST_FILE = PAVRoundGauge/Info.plist;
				LD_RUNPATH_SEARCH_PATHS = "$(inherited) @executable_path/Frameworks";
				PRODUCT_BUNDLE_IDENTIFIER = com.accuweather.PAVRoundGauge;
				PRODUCT_NAME = "$(TARGET_NAME)";
			};
			name = Release;
		};
/* End XCBuildConfiguration section */

/* Begin XCConfigurationList section */
		5F3BCC951EB951090001FB26 /* Build configuration list for PBXProject "PAVRoundGauge" */ = {
			isa = XCConfigurationList;
			buildConfigurations = (
				5F3BCCAF1EB951090001FB26 /* Debug */,
				5F3BCCB01EB951090001FB26 /* Release */,
			);
			defaultConfigurationIsVisible = 0;
			defaultConfigurationName = Release;
		};
		5F3BCCB11EB951090001FB26 /* Build configuration list for PBXNativeTarget "PAVRoundGauge" */ = {
			isa = XCConfigurationList;
			buildConfigurations = (
				5F3BCCB21EB951090001FB26 /* Debug */,
				5F3BCCB31EB951090001FB26 /* Release */,
			);
			defaultConfigurationIsVisible = 0;
			defaultConfigurationName = Release;
		};
/* End XCConfigurationList section */
	};
	rootObject = 5F3BCC921EB951090001FB26 /* Project object */;
}
